
Microsoft Visual Studio Solution File, Format Version 11.00
# Visual Studio 2010
Project("{FAE04EC0-301F-11D3-BF4B-00C04F79EFBC}") = "XComInspired", "Assembly-CSharp.csproj", "{7F250246-74DF-1098-DCC0-C85CF9976A47}"
EndProject
Project("{FAE04EC0-301F-11D3-BF4B-00C04F79EFBC}") = "XComInspired", "Assembly-CSharp-firstpass.csproj", "{D232144D-CF27-5418-6885-0FB71CEF7E5E}"
EndProject
Project("{FAE04EC0-301F-11D3-BF4B-00C04F79EFBC}") = "XComInspired", "Assembly-CSharp-Editor-firstpass.csproj", "{38CE8211-256A-5B00-3D1F-5AF0554734F8}"
EndProject
Global
	GlobalSection(SolutionConfigurationPlatforms) = preSolution
		Debug|Any CPU = Debug|Any CPU
		Release|Any CPU = Release|Any CPU
	EndGlobalSection
	GlobalSection(ProjectConfigurationPlatforms) = postSolution
		{7F250246-74DF-1098-DCC0-C85CF9976A47}.Debug|Any CPU.ActiveCfg = Debug|Any CPU
		{7F250246-74DF-1098-DCC0-C85CF9976A47}.Debug|Any CPU.Build.0 = Debug|Any CPU
		{7F250246-74DF-1098-DCC0-C85CF9976A47}.Release|Any CPU.ActiveCfg = Release|Any CPU
		{7F250246-74DF-1098-DCC0-C85CF9976A47}.Release|Any CPU.Build.0 = Release|Any CPU
		{D232144D-CF27-5418-6885-0FB71CEF7E5E}.Debug|Any CPU.ActiveCfg = Debug|Any CPU
		{D232144D-CF27-5418-6885-0FB71CEF7E5E}.Debug|Any CPU.Build.0 = Debug|Any CPU
		{D232144D-CF27-5418-6885-0FB71CEF7E5E}.Release|Any CPU.ActiveCfg = Release|Any CPU
		{D232144D-CF27-5418-6885-0FB71CEF7E5E}.Release|Any CPU.Build.0 = Release|Any CPU
		{38CE8211-256A-5B00-3D1F-5AF0554734F8}.Debug|Any CPU.ActiveCfg = Debug|Any CPU
		{38CE8211-256A-5B00-3D1F-5AF0554734F8}.Debug|Any CPU.Build.0 = Debug|Any CPU
		{38CE8211-256A-5B00-3D1F-5AF0554734F8}.Release|Any CPU.ActiveCfg = Release|Any CPU
		{38CE8211-256A-5B00-3D1F-5AF0554734F8}.Release|Any CPU.Build.0 = Release|Any CPU
	EndGlobalSection
	GlobalSection(SolutionProperties) = preSolution
		HideSolutionNode = FALSE
	EndGlobalSection
	GlobalSection(MonoDevelopProperties) = preSolution
		StartupItem = Assembly-CSharp.csproj
	EndGlobalSection
EndGlobal
